
Microsoft Visual Studio Solution File, Format Version 12.00
# Visual Studio Version 17
VisualStudioVersion = 17.5.002.0
MinimumVisualStudioVersion = 10.0.40219.1
Project("{9A19103F-16F7-4668-BE54-9A1E7A4F7556}") = "Tamagotchi", "Tamagotchi.csproj", "{AA409E4F-9052-4F5F-90F6-7968E43EC6CC}"
EndProject
Global
	GlobalSection(SolutionConfigurationPlatforms) = preSolution
		Debug|Any CPU = Debug|Any CPU
		Release|Any CPU = Release|Any CPU
	EndGlobalSection
	GlobalSection(ProjectConfigurationPlatforms) = postSolution
		{AA409E4F-9052-4F5F-90F6-7968E43EC6CC}.Debug|Any CPU.ActiveCfg = Debug|Any CPU
		{AA409E4F-9052-4F5F-90F6-7968E43EC6CC}.Debug|Any CPU.Build.0 = Debug|Any CPU
		{AA409E4F-9052-4F5F-90F6-7968E43EC6CC}.Release|Any CPU.ActiveCfg = Release|Any CPU
		{AA409E4F-9052-4F5F-90F6-7968E43EC6CC}.Release|Any CPU.Build.0 = Release|Any CPU
	EndGlobalSection
	GlobalSection(SolutionProperties) = preSolution
		HideSolutionNode = FALSE
	EndGlobalSection
	GlobalSection(ExtensibilityGlobals) = postSolution
		SolutionGuid = {F9D01E09-7064-42B2-9EFB-9A50E9EC4D2B}
	EndGlobalSection
EndGlobal
